// !$*UTF8*$!
{
	archiveVersion = 1;
	classes = {
	};
	objectVersion = 46;
	objects = {

/* Begin PBXBuildFile section */
		5204A94A1EC5A7DA0089BB14 /* AboutViewController.swift in Sources */ = {isa = PBXBuildFile; fileRef = 5204A9491EC5A7DA0089BB14 /* AboutViewController.swift */; };
		5204A94C1EC7190C0089BB14 /* AboutNode.swift in Sources */ = {isa = PBXBuildFile; fileRef = 5204A94B1EC7190C0089BB14 /* AboutNode.swift */; };
		5204A94E1EC768C00089BB14 /* AboutModel.swift in Sources */ = {isa = PBXBuildFile; fileRef = 5204A94D1EC768C00089BB14 /* AboutModel.swift */; };
		5230634F1ECD8B0E00FB21E0 /* JobFeedTableNodeControllerTests.swift in Sources */ = {isa = PBXBuildFile; fileRef = 5230634E1ECD8B0E00FB21E0 /* JobFeedTableNodeControllerTests.swift */; };
		523605701EC3002B00AFB95D /* JobTableNodeCell.swift in Sources */ = {isa = PBXBuildFile; fileRef = 5236056F1EC3002B00AFB95D /* JobTableNodeCell.swift */; };
		523605731EC3003600AFB95D /* JobFeedTableNodeController.swift in Sources */ = {isa = PBXBuildFile; fileRef = 523605721EC3003600AFB95D /* JobFeedTableNodeController.swift */; };
		523605781EC3005A00AFB95D /* Date.swift in Sources */ = {isa = PBXBuildFile; fileRef = 523605751EC3005A00AFB95D /* Date.swift */; };
		5236057A1EC3005A00AFB95D /* URL.swift in Sources */ = {isa = PBXBuildFile; fileRef = 523605771EC3005A00AFB95D /* URL.swift */; };
		523CA7121EE1071A00B8EB20 /* PINCache.framework in Frameworks */ = {isa = PBXBuildFile; fileRef = 523CA70E1EE1071A00B8EB20 /* PINCache.framework */; };
		523CA7131EE1071A00B8EB20 /* PINOperation.framework in Frameworks */ = {isa = PBXBuildFile; fileRef = 523CA70F1EE1071A00B8EB20 /* PINOperation.framework */; };
		523CA7141EE1071A00B8EB20 /* PINRemoteImage.framework in Frameworks */ = {isa = PBXBuildFile; fileRef = 523CA7101EE1071A00B8EB20 /* PINRemoteImage.framework */; };
		523CA7161EE1074600B8EB20 /* Pods_remotex_iOSTests.framework in Frameworks */ = {isa = PBXBuildFile; fileRef = 523CA7111EE1071A00B8EB20 /* Pods_remotex_iOSTests.framework */; };
		523CA7171EE1074C00B8EB20 /* FBSnapshotTestCase.framework in Frameworks */ = {isa = PBXBuildFile; fileRef = 524593E61EDE9E0800045ADF /* FBSnapshotTestCase.framework */; };
		523CA7181EE1076F00B8EB20 /* Pods_remotex_iOS.framework in Frameworks */ = {isa = PBXBuildFile; fileRef = 524593F21EDE9F5100045ADF /* Pods_remotex_iOS.framework */; };
		524593EF1EDE9EC000045ADF /* PromptMessage.framework in Frameworks */ = {isa = PBXBuildFile; fileRef = 524593E81EDE9E0C00045ADF /* PromptMessage.framework */; };
		524593F11EDE9EC900045ADF /* AsyncDisplayKit.framework in Frameworks */ = {isa = PBXBuildFile; fileRef = 525B3D1B1EC95487007B5B68 /* AsyncDisplayKit.framework */; };
		524593F61EDEA09A00045ADF /* AboutNode.swift in Sources */ = {isa = PBXBuildFile; fileRef = 5204A94B1EC7190C0089BB14 /* AboutNode.swift */; };
		524593F81EDEA09F00045ADF /* JobTableNodeCell.swift in Sources */ = {isa = PBXBuildFile; fileRef = 5236056F1EC3002B00AFB95D /* JobTableNodeCell.swift */; };
		524594091EDFB52200045ADF /* AboutNodeTests.swift in Sources */ = {isa = PBXBuildFile; fileRef = 524593FC1EDFB52200045ADF /* AboutNodeTests.swift */; };
		5245940F1EDFB52200045ADF /* TextureSnapshotTestCase.swift in Sources */ = {isa = PBXBuildFile; fileRef = 524594081EDFB52200045ADF /* TextureSnapshotTestCase.swift */; };
		5245941C1EDFC71E00045ADF /* testInit@2x.png in Resources */ = {isa = PBXBuildFile; fileRef = 524594181EDFC71E00045ADF /* testInit@2x.png */; };
		5245941D1EDFC71E00045ADF /* testInit@2x.png in Resources */ = {isa = PBXBuildFile; fileRef = 5245941B1EDFC71E00045ADF /* testInit@2x.png */; };
		525B3D181EC9514E007B5B68 /* JobModelTests.swift in Sources */ = {isa = PBXBuildFile; fileRef = 525B3D171EC9514E007B5B68 /* JobModelTests.swift */; };
		525B3D1A1EC9546D007B5B68 /* XCTest.framework in Frameworks */ = {isa = PBXBuildFile; fileRef = 525B3D191EC9546D007B5B68 /* XCTest.framework */; };
		525B3D1C1EC95487007B5B68 /* AsyncDisplayKit.framework in Frameworks */ = {isa = PBXBuildFile; fileRef = 525B3D1B1EC95487007B5B68 /* AsyncDisplayKit.framework */; };
		525B3D1E1EC99B8A007B5B68 /* NumberFormatter.swift in Sources */ = {isa = PBXBuildFile; fileRef = 525B3D1D1EC99B8A007B5B68 /* NumberFormatter.swift */; };
		52E7E54E1ECBD6690055DECE /* JobWebViewController.swift in Sources */ = {isa = PBXBuildFile; fileRef = 52E7E54D1ECBD6690055DECE /* JobWebViewController.swift */; };
		52E8F0191EB87F8300866728 /* JobModel.swift in Sources */ = {isa = PBXBuildFile; fileRef = 52E8F0181EB87F8300866728 /* JobModel.swift */; };
		52E8F01B1EB87FB700866728 /* JobFeedModel.swift in Sources */ = {isa = PBXBuildFile; fileRef = 52E8F01A1EB87FB700866728 /* JobFeedModel.swift */; };
		52E8F01F1EB976F000866728 /* PlatformModel.swift in Sources */ = {isa = PBXBuildFile; fileRef = 52E8F01E1EB976F000866728 /* PlatformModel.swift */; };
		52E8F0211EB9792B00866728 /* CategoryModel.swift in Sources */ = {isa = PBXBuildFile; fileRef = 52E8F0201EB9792B00866728 /* CategoryModel.swift */; };
		52E8F0231EB983B600866728 /* RoleModel.swift in Sources */ = {isa = PBXBuildFile; fileRef = 52E8F0221EB983B600866728 /* RoleModel.swift */; };
		52E8F0251EB9844500866728 /* SkillModel.swift in Sources */ = {isa = PBXBuildFile; fileRef = 52E8F0241EB9844500866728 /* SkillModel.swift */; };
		52E8F0281EB9BAB400866728 /* WebService.swift in Sources */ = {isa = PBXBuildFile; fileRef = 52E8F0271EB9BAB400866728 /* WebService.swift */; };
		52E8F02A1EB9C9CB00866728 /* JobPageModel.swift in Sources */ = {isa = PBXBuildFile; fileRef = 52E8F0291EB9C9CB00866728 /* JobPageModel.swift */; };
		52E8F02C1EB9CBF300866728 /* OOClubConvenience.swift in Sources */ = {isa = PBXBuildFile; fileRef = 52E8F02B1EB9CBF300866728 /* OOClubConvenience.swift */; };
		52E8F02E1EBADA3C00866728 /* Constants.swift in Sources */ = {isa = PBXBuildFile; fileRef = 52E8F02D1EBADA3C00866728 /* Constants.swift */; };
		52E9BD881ED674A900AAF714 /* PromptMessageWrap.swift in Sources */ = {isa = PBXBuildFile; fileRef = 52E9BD871ED674A900AAF714 /* PromptMessageWrap.swift */; };
		52F43E2A1EDE97FB00A9406D /* AboutModel.swift in Sources */ = {isa = PBXBuildFile; fileRef = 5204A94D1EC768C00089BB14 /* AboutModel.swift */; };
		52F43E2B1EDE981F00A9406D /* Constants.swift in Sources */ = {isa = PBXBuildFile; fileRef = 52E8F02D1EBADA3C00866728 /* Constants.swift */; };
		52F43E2D1EDE987A00A9406D /* URL.swift in Sources */ = {isa = PBXBuildFile; fileRef = 523605771EC3005A00AFB95D /* URL.swift */; };
		52F43E2F1EDE987D00A9406D /* Date.swift in Sources */ = {isa = PBXBuildFile; fileRef = 523605751EC3005A00AFB95D /* Date.swift */; };
		52F43E311EDE988000A9406D /* NumberFormatter.swift in Sources */ = {isa = PBXBuildFile; fileRef = 525B3D1D1EC99B8A007B5B68 /* NumberFormatter.swift */; };
		52F43E331EDE988300A9406D /* PromptMessageWrap.swift in Sources */ = {isa = PBXBuildFile; fileRef = 52E9BD871ED674A900AAF714 /* PromptMessageWrap.swift */; };
		52F43E351EDE989500A9406D /* JobFeedModel.swift in Sources */ = {isa = PBXBuildFile; fileRef = 52E8F01A1EB87FB700866728 /* JobFeedModel.swift */; };
		52F43E371EDE989800A9406D /* JobPageModel.swift in Sources */ = {isa = PBXBuildFile; fileRef = 52E8F0291EB9C9CB00866728 /* JobPageModel.swift */; };
		52F43E391EDE989B00A9406D /* JobModel.swift in Sources */ = {isa = PBXBuildFile; fileRef = 52E8F0181EB87F8300866728 /* JobModel.swift */; };
		52F43E3B1EDE989E00A9406D /* CategoryModel.swift in Sources */ = {isa = PBXBuildFile; fileRef = 52E8F0201EB9792B00866728 /* CategoryModel.swift */; };
		52F43E3D1EDE98A100A9406D /* PlatformModel.swift in Sources */ = {isa = PBXBuildFile; fileRef = 52E8F01E1EB976F000866728 /* PlatformModel.swift */; };
		52F43E3F1EDE98A400A9406D /* RoleModel.swift in Sources */ = {isa = PBXBuildFile; fileRef = 52E8F0221EB983B600866728 /* RoleModel.swift */; };
		52F43E411EDE98A600A9406D /* SkillModel.swift in Sources */ = {isa = PBXBuildFile; fileRef = 52E8F0241EB9844500866728 /* SkillModel.swift */; };
		52F43E431EDE98BC00A9406D /* WebService.swift in Sources */ = {isa = PBXBuildFile; fileRef = 52E8F0271EB9BAB400866728 /* WebService.swift */; };
		52F43E451EDE98BF00A9406D /* OOClubConvenience.swift in Sources */ = {isa = PBXBuildFile; fileRef = 52E8F02B1EB9CBF300866728 /* OOClubConvenience.swift */; };
		52F7A6E61EB45BF900CF9ADA /* AppDelegate.swift in Sources */ = {isa = PBXBuildFile; fileRef = 52F7A6E51EB45BF900CF9ADA /* AppDelegate.swift */; };
		52F7A6F01EB45BF900CF9ADA /* Assets.xcassets in Resources */ = {isa = PBXBuildFile; fileRef = 52F7A6EF1EB45BF900CF9ADA /* Assets.xcassets */; };
		52F7A6F31EB45BF900CF9ADA /* LaunchScreen.storyboard in Resources */ = {isa = PBXBuildFile; fileRef = 52F7A6F11EB45BF900CF9ADA /* LaunchScreen.storyboard */; };
		52F7A6FE1EB45BFA00CF9ADA /* remotex_iOSTests.swift in Sources */ = {isa = PBXBuildFile; fileRef = 52F7A6FD1EB45BFA00CF9ADA /* remotex_iOSTests.swift */; };
		DD8C1A9411BF837686EB9EB5 /* Pods_remotex_iOS.framework in Frameworks */ = {isa = PBXBuildFile; fileRef = 3D249E964E6ABE362AAAF464 /* Pods_remotex_iOS.framework */; };
/* End PBXBuildFile section */

/* Begin PBXContainerItemProxy section */
		52F7A6FA1EB45BFA00CF9ADA /* PBXContainerItemProxy */ = {
			isa = PBXContainerItemProxy;
			containerPortal = 52F7A6DA1EB45BF900CF9ADA /* Project object */;
			proxyType = 1;
			remoteGlobalIDString = 52F7A6E11EB45BF900CF9ADA;
			remoteInfo = "remotex-iOS";
		};
/* End PBXContainerItemProxy section */

/* Begin PBXFileReference section */
		3D249E964E6ABE362AAAF464 /* Pods_remotex_iOS.framework */ = {isa = PBXFileReference; explicitFileType = wrapper.framework; includeInIndex = 0; path = Pods_remotex_iOS.framework; sourceTree = BUILT_PRODUCTS_DIR; };
		5204A9491EC5A7DA0089BB14 /* AboutViewController.swift */ = {isa = PBXFileReference; fileEncoding = 4; lastKnownFileType = sourcecode.swift; path = AboutViewController.swift; sourceTree = "<group>"; };
		5204A94B1EC7190C0089BB14 /* AboutNode.swift */ = {isa = PBXFileReference; fileEncoding = 4; lastKnownFileType = sourcecode.swift; path = AboutNode.swift; sourceTree = "<group>"; };
		5204A94D1EC768C00089BB14 /* AboutModel.swift */ = {isa = PBXFileReference; fileEncoding = 4; lastKnownFileType = sourcecode.swift; path = AboutModel.swift; sourceTree = "<group>"; };
		5230634E1ECD8B0E00FB21E0 /* JobFeedTableNodeControllerTests.swift */ = {isa = PBXFileReference; fileEncoding = 4; lastKnownFileType = sourcecode.swift; path = JobFeedTableNodeControllerTests.swift; sourceTree = "<group>"; };
		5236056F1EC3002B00AFB95D /* JobTableNodeCell.swift */ = {isa = PBXFileReference; fileEncoding = 4; lastKnownFileType = sourcecode.swift; path = JobTableNodeCell.swift; sourceTree = "<group>"; };
		523605721EC3003600AFB95D /* JobFeedTableNodeController.swift */ = {isa = PBXFileReference; fileEncoding = 4; lastKnownFileType = sourcecode.swift; path = JobFeedTableNodeController.swift; sourceTree = "<group>"; };
		523605751EC3005A00AFB95D /* Date.swift */ = {isa = PBXFileReference; fileEncoding = 4; lastKnownFileType = sourcecode.swift; path = Date.swift; sourceTree = "<group>"; };
		523605771EC3005A00AFB95D /* URL.swift */ = {isa = PBXFileReference; fileEncoding = 4; lastKnownFileType = sourcecode.swift; path = URL.swift; sourceTree = "<group>"; };
		523CA70E1EE1071A00B8EB20 /* PINCache.framework */ = {isa = PBXFileReference; lastKnownFileType = wrapper.framework; name = PINCache.framework; path = "../../Library/Developer/Xcode/DerivedData/remotex-iOS-aphdgijnlysnjjgbibfuniyplvir/Build/Products/Debug-iphonesimulator/PINCache/PINCache.framework"; sourceTree = "<group>"; };
		523CA70F1EE1071A00B8EB20 /* PINOperation.framework */ = {isa = PBXFileReference; lastKnownFileType = wrapper.framework; name = PINOperation.framework; path = "../../Library/Developer/Xcode/DerivedData/remotex-iOS-aphdgijnlysnjjgbibfuniyplvir/Build/Products/Debug-iphonesimulator/PINOperation/PINOperation.framework"; sourceTree = "<group>"; };
		523CA7101EE1071A00B8EB20 /* PINRemoteImage.framework */ = {isa = PBXFileReference; lastKnownFileType = wrapper.framework; name = PINRemoteImage.framework; path = "../../Library/Developer/Xcode/DerivedData/remotex-iOS-aphdgijnlysnjjgbibfuniyplvir/Build/Products/Debug-iphonesimulator/PINRemoteImage/PINRemoteImage.framework"; sourceTree = "<group>"; };
		523CA7111EE1071A00B8EB20 /* Pods_remotex_iOSTests.framework */ = {isa = PBXFileReference; lastKnownFileType = wrapper.framework; name = Pods_remotex_iOSTests.framework; path = "../../Library/Developer/Xcode/DerivedData/remotex-iOS-aphdgijnlysnjjgbibfuniyplvir/Build/Products/Debug-iphonesimulator/Pods_remotex_iOSTests.framework"; sourceTree = "<group>"; };
		524593E61EDE9E0800045ADF /* FBSnapshotTestCase.framework */ = {isa = PBXFileReference; lastKnownFileType = wrapper.framework; name = FBSnapshotTestCase.framework; path = "../../Library/Developer/Xcode/DerivedData/remotex-iOS-aphdgijnlysnjjgbibfuniyplvir/Build/Products/Debug-iphonesimulator/FBSnapshotTestCase/FBSnapshotTestCase.framework"; sourceTree = "<group>"; };
		524593E81EDE9E0C00045ADF /* PromptMessage.framework */ = {isa = PBXFileReference; lastKnownFileType = wrapper.framework; name = PromptMessage.framework; path = "../../Library/Developer/Xcode/DerivedData/remotex-iOS-aphdgijnlysnjjgbibfuniyplvir/Build/Products/Debug-iphonesimulator/PromptMessage/PromptMessage.framework"; sourceTree = "<group>"; };
		524593F21EDE9F5100045ADF /* Pods_remotex_iOS.framework */ = {isa = PBXFileReference; lastKnownFileType = wrapper.framework; name = Pods_remotex_iOS.framework; path = "../../Library/Developer/Xcode/DerivedData/remotex-iOS-aphdgijnlysnjjgbibfuniyplvir/Build/Products/Debug-iphonesimulator/Pods_remotex_iOS.framework"; sourceTree = "<group>"; };
		524593FC1EDFB52200045ADF /* AboutNodeTests.swift */ = {isa = PBXFileReference; fileEncoding = 4; lastKnownFileType = sourcecode.swift; path = AboutNodeTests.swift; sourceTree = "<group>"; };
		524594081EDFB52200045ADF /* TextureSnapshotTestCase.swift */ = {isa = PBXFileReference; fileEncoding = 4; lastKnownFileType = sourcecode.swift; path = TextureSnapshotTestCase.swift; sourceTree = "<group>"; };
		524594181EDFC71E00045ADF /* testInit@2x.png */ = {isa = PBXFileReference; lastKnownFileType = image.png; path = "testInit@2x.png"; sourceTree = "<group>"; };
		5245941B1EDFC71E00045ADF /* testInit@2x.png */ = {isa = PBXFileReference; lastKnownFileType = image.png; path = "testInit@2x.png"; sourceTree = "<group>"; };
		525B3D171EC9514E007B5B68 /* JobModelTests.swift */ = {isa = PBXFileReference; fileEncoding = 4; lastKnownFileType = sourcecode.swift; path = JobModelTests.swift; sourceTree = "<group>"; };
		525B3D191EC9546D007B5B68 /* XCTest.framework */ = {isa = PBXFileReference; lastKnownFileType = wrapper.framework; name = XCTest.framework; path = Platforms/iPhoneOS.platform/Developer/Library/Frameworks/XCTest.framework; sourceTree = DEVELOPER_DIR; };
		525B3D1B1EC95487007B5B68 /* AsyncDisplayKit.framework */ = {isa = PBXFileReference; lastKnownFileType = wrapper.framework; name = AsyncDisplayKit.framework; path = "../../Library/Developer/Xcode/DerivedData/remotex-iOS-aphdgijnlysnjjgbibfuniyplvir/Build/Products/Debug-iphonesimulator/Texture/AsyncDisplayKit.framework"; sourceTree = "<group>"; };
		525B3D1D1EC99B8A007B5B68 /* NumberFormatter.swift */ = {isa = PBXFileReference; fileEncoding = 4; lastKnownFileType = sourcecode.swift; path = NumberFormatter.swift; sourceTree = "<group>"; };
		52E7E54D1ECBD6690055DECE /* JobWebViewController.swift */ = {isa = PBXFileReference; fileEncoding = 4; lastKnownFileType = sourcecode.swift; path = JobWebViewController.swift; sourceTree = "<group>"; };
		52E8F0181EB87F8300866728 /* JobModel.swift */ = {isa = PBXFileReference; fileEncoding = 4; lastKnownFileType = sourcecode.swift; path = JobModel.swift; sourceTree = "<group>"; };
		52E8F01A1EB87FB700866728 /* JobFeedModel.swift */ = {isa = PBXFileReference; fileEncoding = 4; lastKnownFileType = sourcecode.swift; path = JobFeedModel.swift; sourceTree = "<group>"; };
		52E8F01E1EB976F000866728 /* PlatformModel.swift */ = {isa = PBXFileReference; fileEncoding = 4; lastKnownFileType = sourcecode.swift; path = PlatformModel.swift; sourceTree = "<group>"; };
		52E8F0201EB9792B00866728 /* CategoryModel.swift */ = {isa = PBXFileReference; fileEncoding = 4; lastKnownFileType = sourcecode.swift; path = CategoryModel.swift; sourceTree = "<group>"; };
		52E8F0221EB983B600866728 /* RoleModel.swift */ = {isa = PBXFileReference; fileEncoding = 4; lastKnownFileType = sourcecode.swift; path = RoleModel.swift; sourceTree = "<group>"; };
		52E8F0241EB9844500866728 /* SkillModel.swift */ = {isa = PBXFileReference; fileEncoding = 4; lastKnownFileType = sourcecode.swift; path = SkillModel.swift; sourceTree = "<group>"; };
		52E8F0271EB9BAB400866728 /* WebService.swift */ = {isa = PBXFileReference; fileEncoding = 4; lastKnownFileType = sourcecode.swift; path = WebService.swift; sourceTree = "<group>"; };
		52E8F0291EB9C9CB00866728 /* JobPageModel.swift */ = {isa = PBXFileReference; fileEncoding = 4; lastKnownFileType = sourcecode.swift; path = JobPageModel.swift; sourceTree = "<group>"; };
		52E8F02B1EB9CBF300866728 /* OOClubConvenience.swift */ = {isa = PBXFileReference; fileEncoding = 4; lastKnownFileType = sourcecode.swift; path = OOClubConvenience.swift; sourceTree = "<group>"; };
		52E8F02D1EBADA3C00866728 /* Constants.swift */ = {isa = PBXFileReference; fileEncoding = 4; lastKnownFileType = sourcecode.swift; path = Constants.swift; sourceTree = "<group>"; };
		52E9BD871ED674A900AAF714 /* PromptMessageWrap.swift */ = {isa = PBXFileReference; fileEncoding = 4; lastKnownFileType = sourcecode.swift; path = PromptMessageWrap.swift; sourceTree = "<group>"; };
		52F7A6E21EB45BF900CF9ADA /* remotex-iOS.app */ = {isa = PBXFileReference; explicitFileType = wrapper.application; includeInIndex = 0; path = "remotex-iOS.app"; sourceTree = BUILT_PRODUCTS_DIR; };
		52F7A6E51EB45BF900CF9ADA /* AppDelegate.swift */ = {isa = PBXFileReference; lastKnownFileType = sourcecode.swift; path = AppDelegate.swift; sourceTree = "<group>"; };
		52F7A6EF1EB45BF900CF9ADA /* Assets.xcassets */ = {isa = PBXFileReference; lastKnownFileType = folder.assetcatalog; path = Assets.xcassets; sourceTree = "<group>"; };
		52F7A6F21EB45BF900CF9ADA /* Base */ = {isa = PBXFileReference; lastKnownFileType = file.storyboard; name = Base; path = Base.lproj/LaunchScreen.storyboard; sourceTree = "<group>"; };
		52F7A6F41EB45BF900CF9ADA /* Info.plist */ = {isa = PBXFileReference; lastKnownFileType = text.plist.xml; path = Info.plist; sourceTree = "<group>"; };
		52F7A6F91EB45BFA00CF9ADA /* remotex-iOSTests.xctest */ = {isa = PBXFileReference; explicitFileType = wrapper.cfbundle; includeInIndex = 0; path = "remotex-iOSTests.xctest"; sourceTree = BUILT_PRODUCTS_DIR; };
		52F7A6FD1EB45BFA00CF9ADA /* remotex_iOSTests.swift */ = {isa = PBXFileReference; lastKnownFileType = sourcecode.swift; path = remotex_iOSTests.swift; sourceTree = "<group>"; };
		52F7A6FF1EB45BFA00CF9ADA /* Info.plist */ = {isa = PBXFileReference; lastKnownFileType = text.plist.xml; path = Info.plist; sourceTree = "<group>"; };
		7BBBDABFBA042E358F89FB56 /* Pods_remotex_iOSTests.framework */ = {isa = PBXFileReference; explicitFileType = wrapper.framework; includeInIndex = 0; path = Pods_remotex_iOSTests.framework; sourceTree = BUILT_PRODUCTS_DIR; };
		C25A0AFF8D6BC82068546692 /* Pods-remotex-iOSTests.release.xcconfig */ = {isa = PBXFileReference; includeInIndex = 1; lastKnownFileType = text.xcconfig; name = "Pods-remotex-iOSTests.release.xcconfig"; path = "Pods/Target Support Files/Pods-remotex-iOSTests/Pods-remotex-iOSTests.release.xcconfig"; sourceTree = "<group>"; };
		FC908F34B19D56F975723647 /* Pods-remotex-iOSTests.debug.xcconfig */ = {isa = PBXFileReference; includeInIndex = 1; lastKnownFileType = text.xcconfig; name = "Pods-remotex-iOSTests.debug.xcconfig"; path = "Pods/Target Support Files/Pods-remotex-iOSTests/Pods-remotex-iOSTests.debug.xcconfig"; sourceTree = "<group>"; };
		FD48D96C676C5B7252A34E10 /* Pods-remotex-iOS.release.xcconfig */ = {isa = PBXFileReference; includeInIndex = 1; lastKnownFileType = text.xcconfig; name = "Pods-remotex-iOS.release.xcconfig"; path = "Pods/Target Support Files/Pods-remotex-iOS/Pods-remotex-iOS.release.xcconfig"; sourceTree = "<group>"; };
		FF8E597FF65CC9F0790C1A66 /* Pods-remotex-iOS.debug.xcconfig */ = {isa = PBXFileReference; includeInIndex = 1; lastKnownFileType = text.xcconfig; name = "Pods-remotex-iOS.debug.xcconfig"; path = "Pods/Target Support Files/Pods-remotex-iOS/Pods-remotex-iOS.debug.xcconfig"; sourceTree = "<group>"; };
/* End PBXFileReference section */

/* Begin PBXFrameworksBuildPhase section */
		52F7A6DF1EB45BF900CF9ADA /* Frameworks */ = {
			isa = PBXFrameworksBuildPhase;
			buildActionMask = 2147483647;
			files = (
				523CA7181EE1076F00B8EB20 /* Pods_remotex_iOS.framework in Frameworks */,
				523CA7121EE1071A00B8EB20 /* PINCache.framework in Frameworks */,
				523CA7131EE1071A00B8EB20 /* PINOperation.framework in Frameworks */,
				523CA7141EE1071A00B8EB20 /* PINRemoteImage.framework in Frameworks */,
				524593EF1EDE9EC000045ADF /* PromptMessage.framework in Frameworks */,
				524593F11EDE9EC900045ADF /* AsyncDisplayKit.framework in Frameworks */,
				DD8C1A9411BF837686EB9EB5 /* Pods_remotex_iOS.framework in Frameworks */,
			);
			runOnlyForDeploymentPostprocessing = 0;
		};
		52F7A6F61EB45BFA00CF9ADA /* Frameworks */ = {
			isa = PBXFrameworksBuildPhase;
			buildActionMask = 2147483647;
			files = (
				523CA7171EE1074C00B8EB20 /* FBSnapshotTestCase.framework in Frameworks */,
				523CA7161EE1074600B8EB20 /* Pods_remotex_iOSTests.framework in Frameworks */,
				525B3D1C1EC95487007B5B68 /* AsyncDisplayKit.framework in Frameworks */,
				525B3D1A1EC9546D007B5B68 /* XCTest.framework in Frameworks */,
			);
			runOnlyForDeploymentPostprocessing = 0;
		};
/* End PBXFrameworksBuildPhase section */

/* Begin PBXGroup section */
		49A5D400CAD8A6DE3636AF76 /* Frameworks */ = {
			isa = PBXGroup;
			children = (
				523CA70E1EE1071A00B8EB20 /* PINCache.framework */,
				523CA70F1EE1071A00B8EB20 /* PINOperation.framework */,
				523CA7101EE1071A00B8EB20 /* PINRemoteImage.framework */,
				523CA7111EE1071A00B8EB20 /* Pods_remotex_iOSTests.framework */,
				524593F21EDE9F5100045ADF /* Pods_remotex_iOS.framework */,
				524593E81EDE9E0C00045ADF /* PromptMessage.framework */,
				524593E61EDE9E0800045ADF /* FBSnapshotTestCase.framework */,
				525B3D1B1EC95487007B5B68 /* AsyncDisplayKit.framework */,
				525B3D191EC9546D007B5B68 /* XCTest.framework */,
				3D249E964E6ABE362AAAF464 /* Pods_remotex_iOS.framework */,
				7BBBDABFBA042E358F89FB56 /* Pods_remotex_iOSTests.framework */,
			);
			name = Frameworks;
			sourceTree = "<group>";
		};
		5236056E1EC3002B00AFB95D /* View */ = {
			isa = PBXGroup;
			children = (
				5236056F1EC3002B00AFB95D /* JobTableNodeCell.swift */,
				5204A94B1EC7190C0089BB14 /* AboutNode.swift */,
			);
			path = View;
			sourceTree = "<group>";
		};
		523605711EC3003600AFB95D /* Controller */ = {
			isa = PBXGroup;
			children = (
				523605721EC3003600AFB95D /* JobFeedTableNodeController.swift */,
				52E7E54D1ECBD6690055DECE /* JobWebViewController.swift */,
				5204A9491EC5A7DA0089BB14 /* AboutViewController.swift */,
			);
			path = Controller;
			sourceTree = "<group>";
		};
		523605741EC3005A00AFB95D /* Extension */ = {
			isa = PBXGroup;
			children = (
				523605751EC3005A00AFB95D /* Date.swift */,
				523605771EC3005A00AFB95D /* URL.swift */,
				525B3D1D1EC99B8A007B5B68 /* NumberFormatter.swift */,
				52E9BD871ED674A900AAF714 /* PromptMessageWrap.swift */,
			);
			path = Extension;
			sourceTree = "<group>";
		};
		524593FB1EDFB52200045ADF /* View */ = {
			isa = PBXGroup;
			children = (
				524594081EDFB52200045ADF /* TextureSnapshotTestCase.swift */,
				524593FC1EDFB52200045ADF /* AboutNodeTests.swift */,
				524594161EDFC71E00045ADF /* ReferenceImages_64 */,
				524594191EDFC71E00045ADF /* ReferenceImages_iOS_10 */,
				524593FD1EDFB52200045ADF /* FailureDiffs */,
			);
			path = View;
			sourceTree = "<group>";
		};
		524593FD1EDFB52200045ADF /* FailureDiffs */ = {
			isa = PBXGroup;
			children = (
			);
			path = FailureDiffs;
			sourceTree = "<group>";
		};
		524594161EDFC71E00045ADF /* ReferenceImages_64 */ = {
			isa = PBXGroup;
			children = (
				524594171EDFC71E00045ADF /* remotex_iOSTests.AboutNodeTests */,
			);
			path = ReferenceImages_64;
			sourceTree = "<group>";
		};
		524594171EDFC71E00045ADF /* remotex_iOSTests.AboutNodeTests */ = {
			isa = PBXGroup;
			children = (
				524594181EDFC71E00045ADF /* testInit@2x.png */,
			);
			path = remotex_iOSTests.AboutNodeTests;
			sourceTree = "<group>";
		};
		524594191EDFC71E00045ADF /* ReferenceImages_iOS_10 */ = {
			isa = PBXGroup;
			children = (
				5245941A1EDFC71E00045ADF /* remotex_iOSTests.AboutNodeTests */,
			);
			path = ReferenceImages_iOS_10;
			sourceTree = "<group>";
		};
		5245941A1EDFC71E00045ADF /* remotex_iOSTests.AboutNodeTests */ = {
			isa = PBXGroup;
			children = (
				5245941B1EDFC71E00045ADF /* testInit@2x.png */,
			);
			path = remotex_iOSTests.AboutNodeTests;
			sourceTree = "<group>";
		};
		52E2DEAC1EB4D2110064984C /* Model */ = {
			isa = PBXGroup;
			children = (
				52E8F01A1EB87FB700866728 /* JobFeedModel.swift */,
				52E8F0291EB9C9CB00866728 /* JobPageModel.swift */,
				52E8F0181EB87F8300866728 /* JobModel.swift */,
				52E8F0201EB9792B00866728 /* CategoryModel.swift */,
				52E8F01E1EB976F000866728 /* PlatformModel.swift */,
				52E8F0221EB983B600866728 /* RoleModel.swift */,
				52E8F0241EB9844500866728 /* SkillModel.swift */,
				5204A94D1EC768C00089BB14 /* AboutModel.swift */,
			);
			path = Model;
			sourceTree = "<group>";
		};
		52E8F0261EB9BA9700866728 /* Client */ = {
			isa = PBXGroup;
			children = (
				52E8F0271EB9BAB400866728 /* WebService.swift */,
				52E8F02B1EB9CBF300866728 /* OOClubConvenience.swift */,
			);
			path = Client;
			sourceTree = "<group>";
		};
		52F7A6D91EB45BF900CF9ADA = {
			isa = PBXGroup;
			children = (
				52F7A6E41EB45BF900CF9ADA /* remotex-iOS */,
				52F7A6FC1EB45BFA00CF9ADA /* remotex-iOSTests */,
				52F7A6E31EB45BF900CF9ADA /* Products */,
				BB79764FDCA22A5465315AAD /* Pods */,
				49A5D400CAD8A6DE3636AF76 /* Frameworks */,
			);
			sourceTree = "<group>";
		};
		52F7A6E31EB45BF900CF9ADA /* Products */ = {
			isa = PBXGroup;
			children = (
				52F7A6E21EB45BF900CF9ADA /* remotex-iOS.app */,
				52F7A6F91EB45BFA00CF9ADA /* remotex-iOSTests.xctest */,
			);
			name = Products;
			sourceTree = "<group>";
		};
		52F7A6E41EB45BF900CF9ADA /* remotex-iOS */ = {
			isa = PBXGroup;
			children = (
				523605741EC3005A00AFB95D /* Extension */,
				523605711EC3003600AFB95D /* Controller */,
				5236056E1EC3002B00AFB95D /* View */,
				52E8F0261EB9BA9700866728 /* Client */,
				52E2DEAC1EB4D2110064984C /* Model */,
				52F7A6E51EB45BF900CF9ADA /* AppDelegate.swift */,
				52E8F02D1EBADA3C00866728 /* Constants.swift */,
				52F7A6EF1EB45BF900CF9ADA /* Assets.xcassets */,
				52F7A6F11EB45BF900CF9ADA /* LaunchScreen.storyboard */,
				52F7A6F41EB45BF900CF9ADA /* Info.plist */,
			);
			path = "remotex-iOS";
			sourceTree = "<group>";
		};
		52F7A6FC1EB45BFA00CF9ADA /* remotex-iOSTests */ = {
			isa = PBXGroup;
			children = (
				52F7A6FD1EB45BFA00CF9ADA /* remotex_iOSTests.swift */,
				52F7A6FF1EB45BFA00CF9ADA /* Info.plist */,
				525B3D171EC9514E007B5B68 /* JobModelTests.swift */,
				5230634E1ECD8B0E00FB21E0 /* JobFeedTableNodeControllerTests.swift */,
				524593FB1EDFB52200045ADF /* View */,
			);
			path = "remotex-iOSTests";
			sourceTree = "<group>";
		};
		BB79764FDCA22A5465315AAD /* Pods */ = {
			isa = PBXGroup;
			children = (
				FF8E597FF65CC9F0790C1A66 /* Pods-remotex-iOS.debug.xcconfig */,
				FD48D96C676C5B7252A34E10 /* Pods-remotex-iOS.release.xcconfig */,
				FC908F34B19D56F975723647 /* Pods-remotex-iOSTests.debug.xcconfig */,
				C25A0AFF8D6BC82068546692 /* Pods-remotex-iOSTests.release.xcconfig */,
			);
			name = Pods;
			sourceTree = "<group>";
		};
/* End PBXGroup section */

/* Begin PBXNativeTarget section */
		52F7A6E11EB45BF900CF9ADA /* remotex-iOS */ = {
			isa = PBXNativeTarget;
			buildConfigurationList = 52F7A70D1EB45BFA00CF9ADA /* Build configuration list for PBXNativeTarget "remotex-iOS" */;
			buildPhases = (
				F1F20CE77166C99A2DFA612F /* [CP] Check Pods Manifest.lock */,
				52F7A6DE1EB45BF900CF9ADA /* Sources */,
				52F7A6DF1EB45BF900CF9ADA /* Frameworks */,
				52F7A6E01EB45BF900CF9ADA /* Resources */,
				E28B2D0DC96F4324B00F279C /* [CP] Embed Pods Frameworks */,
				FD76C821EB5B5526B13293CE /* [CP] Copy Pods Resources */,
			);
			buildRules = (
			);
			dependencies = (
			);
			name = "remotex-iOS";
			productName = "remotex-iOS";
			productReference = 52F7A6E21EB45BF900CF9ADA /* remotex-iOS.app */;
			productType = "com.apple.product-type.application";
		};
		52F7A6F81EB45BFA00CF9ADA /* remotex-iOSTests */ = {
			isa = PBXNativeTarget;
			buildConfigurationList = 52F7A7101EB45BFA00CF9ADA /* Build configuration list for PBXNativeTarget "remotex-iOSTests" */;
			buildPhases = (
				7FDD2EDBB219196A0A9EAEB6 /* [CP] Check Pods Manifest.lock */,
				52F7A6F51EB45BFA00CF9ADA /* Sources */,
				52F7A6F61EB45BFA00CF9ADA /* Frameworks */,
				52F7A6F71EB45BFA00CF9ADA /* Resources */,
				DA5494EF4200F63D0DA2FE94 /* [CP] Embed Pods Frameworks */,
				37B849A3176A4B97184EDDB3 /* [CP] Copy Pods Resources */,
			);
			buildRules = (
			);
			dependencies = (
				52F7A6FB1EB45BFA00CF9ADA /* PBXTargetDependency */,
			);
			name = "remotex-iOSTests";
			productName = "remotex-iOSTests";
			productReference = 52F7A6F91EB45BFA00CF9ADA /* remotex-iOSTests.xctest */;
			productType = "com.apple.product-type.bundle.unit-test";
		};
/* End PBXNativeTarget section */

/* Begin PBXProject section */
		52F7A6DA1EB45BF900CF9ADA /* Project object */ = {
			isa = PBXProject;
			attributes = {
				LastSwiftUpdateCheck = 0830;
				LastUpgradeCheck = 0830;
				ORGANIZATIONNAME = me.archimboldi;
				TargetAttributes = {
					52F7A6E11EB45BF900CF9ADA = {
						CreatedOnToolsVersion = 8.3.2;
						ProvisioningStyle = Manual;
					};
					52F7A6F81EB45BFA00CF9ADA = {
						CreatedOnToolsVersion = 8.3.2;
						ProvisioningStyle = Manual;
						TestTargetID = 52F7A6E11EB45BF900CF9ADA;
					};
				};
			};
			buildConfigurationList = 52F7A6DD1EB45BF900CF9ADA /* Build configuration list for PBXProject "remotex-iOS" */;
			compatibilityVersion = "Xcode 3.2";
			developmentRegion = English;
			hasScannedForEncodings = 0;
			knownRegions = (
				en,
				Base,
			);
			mainGroup = 52F7A6D91EB45BF900CF9ADA;
			productRefGroup = 52F7A6E31EB45BF900CF9ADA /* Products */;
			projectDirPath = "";
			projectRoot = "";
			targets = (
				52F7A6E11EB45BF900CF9ADA /* remotex-iOS */,
				52F7A6F81EB45BFA00CF9ADA /* remotex-iOSTests */,
			);
		};
/* End PBXProject section */

/* Begin PBXResourcesBuildPhase section */
		52F7A6E01EB45BF900CF9ADA /* Resources */ = {
			isa = PBXResourcesBuildPhase;
			buildActionMask = 2147483647;
			files = (
				52F7A6F31EB45BF900CF9ADA /* LaunchScreen.storyboard in Resources */,
				52F7A6F01EB45BF900CF9ADA /* Assets.xcassets in Resources */,
			);
			runOnlyForDeploymentPostprocessing = 0;
		};
		52F7A6F71EB45BFA00CF9ADA /* Resources */ = {
			isa = PBXResourcesBuildPhase;
			buildActionMask = 2147483647;
			files = (
				5245941D1EDFC71E00045ADF /* testInit@2x.png in Resources */,
				5245941C1EDFC71E00045ADF /* testInit@2x.png in Resources */,
			);
			runOnlyForDeploymentPostprocessing = 0;
		};
/* End PBXResourcesBuildPhase section */

/* Begin PBXShellScriptBuildPhase section */
		37B849A3176A4B97184EDDB3 /* [CP] Copy Pods Resources */ = {
			isa = PBXShellScriptBuildPhase;
			buildActionMask = 2147483647;
			files = (
			);
			inputPaths = (
			);
			name = "[CP] Copy Pods Resources";
			outputPaths = (
			);
			runOnlyForDeploymentPostprocessing = 0;
			shellPath = /bin/sh;
			shellScript = "\"${SRCROOT}/Pods/Target Support Files/Pods-remotex-iOSTests/Pods-remotex-iOSTests-resources.sh\"\n";
			showEnvVarsInLog = 0;
		};
		7FDD2EDBB219196A0A9EAEB6 /* [CP] Check Pods Manifest.lock */ = {
			isa = PBXShellScriptBuildPhase;
			buildActionMask = 2147483647;
			files = (
			);
			inputPaths = (
			);
			name = "[CP] Check Pods Manifest.lock";
			outputPaths = (
			);
			runOnlyForDeploymentPostprocessing = 0;
			shellPath = /bin/sh;
			shellScript = "diff \"${PODS_PODFILE_DIR_PATH}/Podfile.lock\" \"${PODS_ROOT}/Manifest.lock\" > /dev/null\nif [ $? != 0 ] ; then\n    # print error to STDERR\n    echo \"error: The sandbox is not in sync with the Podfile.lock. Run 'pod install' or update your CocoaPods installation.\" >&2\n    exit 1\nfi\n";
			showEnvVarsInLog = 0;
		};
		DA5494EF4200F63D0DA2FE94 /* [CP] Embed Pods Frameworks */ = {
			isa = PBXShellScriptBuildPhase;
			buildActionMask = 2147483647;
			files = (
			);
			inputPaths = (
			);
			name = "[CP] Embed Pods Frameworks";
			outputPaths = (
			);
			runOnlyForDeploymentPostprocessing = 0;
			shellPath = /bin/sh;
			shellScript = "\"${SRCROOT}/Pods/Target Support Files/Pods-remotex-iOSTests/Pods-remotex-iOSTests-frameworks.sh\"\n";
			showEnvVarsInLog = 0;
		};
		E28B2D0DC96F4324B00F279C /* [CP] Embed Pods Frameworks */ = {
			isa = PBXShellScriptBuildPhase;
			buildActionMask = 2147483647;
			files = (
			);
			inputPaths = (
			);
			name = "[CP] Embed Pods Frameworks";
			outputPaths = (
			);
			runOnlyForDeploymentPostprocessing = 0;
			shellPath = /bin/sh;
			shellScript = "\"${SRCROOT}/Pods/Target Support Files/Pods-remotex-iOS/Pods-remotex-iOS-frameworks.sh\"\n";
			showEnvVarsInLog = 0;
		};
		F1F20CE77166C99A2DFA612F /* [CP] Check Pods Manifest.lock */ = {
			isa = PBXShellScriptBuildPhase;
			buildActionMask = 2147483647;
			files = (
			);
			inputPaths = (
			);
			name = "[CP] Check Pods Manifest.lock";
			outputPaths = (
			);
			runOnlyForDeploymentPostprocessing = 0;
			shellPath = /bin/sh;
			shellScript = "diff \"${PODS_PODFILE_DIR_PATH}/Podfile.lock\" \"${PODS_ROOT}/Manifest.lock\" > /dev/null\nif [ $? != 0 ] ; then\n    # print error to STDERR\n    echo \"error: The sandbox is not in sync with the Podfile.lock. Run 'pod install' or update your CocoaPods installation.\" >&2\n    exit 1\nfi\n";
			showEnvVarsInLog = 0;
		};
		FD76C821EB5B5526B13293CE /* [CP] Copy Pods Resources */ = {
			isa = PBXShellScriptBuildPhase;
			buildActionMask = 2147483647;
			files = (
			);
			inputPaths = (
			);
			name = "[CP] Copy Pods Resources";
			outputPaths = (
			);
			runOnlyForDeploymentPostprocessing = 0;
			shellPath = /bin/sh;
			shellScript = "\"${SRCROOT}/Pods/Target Support Files/Pods-remotex-iOS/Pods-remotex-iOS-resources.sh\"\n";
			showEnvVarsInLog = 0;
		};
/* End PBXShellScriptBuildPhase section */

/* Begin PBXSourcesBuildPhase section */
		52F7A6DE1EB45BF900CF9ADA /* Sources */ = {
			isa = PBXSourcesBuildPhase;
			buildActionMask = 2147483647;
			files = (
				52F7A6E61EB45BF900CF9ADA /* AppDelegate.swift in Sources */,
				5204A94E1EC768C00089BB14 /* AboutModel.swift in Sources */,
				52E8F0251EB9844500866728 /* SkillModel.swift in Sources */,
				52E9BD881ED674A900AAF714 /* PromptMessageWrap.swift in Sources */,
				525B3D1E1EC99B8A007B5B68 /* NumberFormatter.swift in Sources */,
				52E8F0191EB87F8300866728 /* JobModel.swift in Sources */,
				52E7E54E1ECBD6690055DECE /* JobWebViewController.swift in Sources */,
				5236057A1EC3005A00AFB95D /* URL.swift in Sources */,
				523605701EC3002B00AFB95D /* JobTableNodeCell.swift in Sources */,
				52E8F02C1EB9CBF300866728 /* OOClubConvenience.swift in Sources */,
				52E8F02E1EBADA3C00866728 /* Constants.swift in Sources */,
				52E8F02A1EB9C9CB00866728 /* JobPageModel.swift in Sources */,
				5204A94A1EC5A7DA0089BB14 /* AboutViewController.swift in Sources */,
				523605781EC3005A00AFB95D /* Date.swift in Sources */,
				52E8F0281EB9BAB400866728 /* WebService.swift in Sources */,
				523605731EC3003600AFB95D /* JobFeedTableNodeController.swift in Sources */,
				52E8F01F1EB976F000866728 /* PlatformModel.swift in Sources */,
				52E8F0211EB9792B00866728 /* CategoryModel.swift in Sources */,
				5204A94C1EC7190C0089BB14 /* AboutNode.swift in Sources */,
				52E8F01B1EB87FB700866728 /* JobFeedModel.swift in Sources */,
				52E8F0231EB983B600866728 /* RoleModel.swift in Sources */,
			);
			runOnlyForDeploymentPostprocessing = 0;
		};
		52F7A6F51EB45BFA00CF9ADA /* Sources */ = {
			isa = PBXSourcesBuildPhase;
			buildActionMask = 2147483647;
			files = (
				52F43E3D1EDE98A100A9406D /* PlatformModel.swift in Sources */,
				52F43E3B1EDE989E00A9406D /* CategoryModel.swift in Sources */,
				52F43E2B1EDE981F00A9406D /* Constants.swift in Sources */,
				52F7A6FE1EB45BFA00CF9ADA /* remotex_iOSTests.swift in Sources */,
				52F43E431EDE98BC00A9406D /* WebService.swift in Sources */,
				52F43E2F1EDE987D00A9406D /* Date.swift in Sources */,
				525B3D181EC9514E007B5B68 /* JobModelTests.swift in Sources */,
				5230634F1ECD8B0E00FB21E0 /* JobFeedTableNodeControllerTests.swift in Sources */,
				524593F81EDEA09F00045ADF /* JobTableNodeCell.swift in Sources */,
				5245940F1EDFB52200045ADF /* TextureSnapshotTestCase.swift in Sources */,
				524594091EDFB52200045ADF /* AboutNodeTests.swift in Sources */,
				52F43E391EDE989B00A9406D /* JobModel.swift in Sources */,
				52F43E311EDE988000A9406D /* NumberFormatter.swift in Sources */,
				52F43E2A1EDE97FB00A9406D /* AboutModel.swift in Sources */,
				52F43E371EDE989800A9406D /* JobPageModel.swift in Sources */,
				52F43E411EDE98A600A9406D /* SkillModel.swift in Sources */,
				52F43E451EDE98BF00A9406D /* OOClubConvenience.swift in Sources */,
				52F43E331EDE988300A9406D /* PromptMessageWrap.swift in Sources */,
				52F43E2D1EDE987A00A9406D /* URL.swift in Sources */,
				52F43E351EDE989500A9406D /* JobFeedModel.swift in Sources */,
				52F43E3F1EDE98A400A9406D /* RoleModel.swift in Sources */,
				524593F61EDEA09A00045ADF /* AboutNode.swift in Sources */,
			);
			runOnlyForDeploymentPostprocessing = 0;
		};
/* End PBXSourcesBuildPhase section */

/* Begin PBXTargetDependency section */
		52F7A6FB1EB45BFA00CF9ADA /* PBXTargetDependency */ = {
			isa = PBXTargetDependency;
			target = 52F7A6E11EB45BF900CF9ADA /* remotex-iOS */;
			targetProxy = 52F7A6FA1EB45BFA00CF9ADA /* PBXContainerItemProxy */;
		};
/* End PBXTargetDependency section */

/* Begin PBXVariantGroup section */
		52F7A6F11EB45BF900CF9ADA /* LaunchScreen.storyboard */ = {
			isa = PBXVariantGroup;
			children = (
				52F7A6F21EB45BF900CF9ADA /* Base */,
			);
			name = LaunchScreen.storyboard;
			sourceTree = "<group>";
		};
/* End PBXVariantGroup section */

/* Begin XCBuildConfiguration section */
		52F7A70B1EB45BFA00CF9ADA /* Debug */ = {
			isa = XCBuildConfiguration;
			buildSettings = {
				ALWAYS_SEARCH_USER_PATHS = NO;
				CLANG_ANALYZER_NONNULL = YES;
				CLANG_ANALYZER_NUMBER_OBJECT_CONVERSION = YES_AGGRESSIVE;
				CLANG_CXX_LANGUAGE_STANDARD = "gnu++0x";
				CLANG_CXX_LIBRARY = "libc++";
				CLANG_ENABLE_MODULES = YES;
				CLANG_ENABLE_OBJC_ARC = YES;
				CLANG_WARN_BOOL_CONVERSION = YES;
				CLANG_WARN_CONSTANT_CONVERSION = YES;
				CLANG_WARN_DIRECT_OBJC_ISA_USAGE = YES_ERROR;
				CLANG_WARN_DOCUMENTATION_COMMENTS = YES;
				CLANG_WARN_EMPTY_BODY = YES;
				CLANG_WARN_ENUM_CONVERSION = YES;
				CLANG_WARN_INFINITE_RECURSION = YES;
				CLANG_WARN_INT_CONVERSION = YES;
				CLANG_WARN_OBJC_ROOT_CLASS = YES_ERROR;
				CLANG_WARN_SUSPICIOUS_MOVE = YES;
				CLANG_WARN_UNREACHABLE_CODE = YES;
				CLANG_WARN__DUPLICATE_METHOD_MATCH = YES;
				"CODE_SIGN_IDENTITY[sdk=iphoneos*]" = "";
				COPY_PHASE_STRIP = NO;
				DEBUG_INFORMATION_FORMAT = dwarf;
				ENABLE_STRICT_OBJC_MSGSEND = YES;
				ENABLE_TESTABILITY = YES;
				GCC_C_LANGUAGE_STANDARD = gnu99;
				GCC_DYNAMIC_NO_PIC = NO;
				GCC_NO_COMMON_BLOCKS = YES;
				GCC_OPTIMIZATION_LEVEL = 0;
				GCC_PREPROCESSOR_DEFINITIONS = (
					"DEBUG=1",
					"$(inherited)",
				);
				GCC_WARN_64_TO_32_BIT_CONVERSION = YES;
				GCC_WARN_ABOUT_RETURN_TYPE = YES_ERROR;
				GCC_WARN_UNDECLARED_SELECTOR = YES;
				GCC_WARN_UNINITIALIZED_AUTOS = YES_AGGRESSIVE;
				GCC_WARN_UNUSED_FUNCTION = YES;
				GCC_WARN_UNUSED_VARIABLE = YES;
				IPHONEOS_DEPLOYMENT_TARGET = 9.0;
				MTL_ENABLE_DEBUG_INFO = YES;
				ONLY_ACTIVE_ARCH = YES;
				SDKROOT = iphoneos;
				SWIFT_ACTIVE_COMPILATION_CONDITIONS = DEBUG;
				SWIFT_OPTIMIZATION_LEVEL = "-Onone";
				TARGETED_DEVICE_FAMILY = "1,2";
			};
			name = Debug;
		};
		52F7A70C1EB45BFA00CF9ADA /* Release */ = {
			isa = XCBuildConfiguration;
			buildSettings = {
				ALWAYS_SEARCH_USER_PATHS = NO;
				CLANG_ANALYZER_NONNULL = YES;
				CLANG_ANALYZER_NUMBER_OBJECT_CONVERSION = YES_AGGRESSIVE;
				CLANG_CXX_LANGUAGE_STANDARD = "gnu++0x";
				CLANG_CXX_LIBRARY = "libc++";
				CLANG_ENABLE_MODULES = YES;
				CLANG_ENABLE_OBJC_ARC = YES;
				CLANG_WARN_BOOL_CONVERSION = YES;
				CLANG_WARN_CONSTANT_CONVERSION = YES;
				CLANG_WARN_DIRECT_OBJC_ISA_USAGE = YES_ERROR;
				CLANG_WARN_DOCUMENTATION_COMMENTS = YES;
				CLANG_WARN_EMPTY_BODY = YES;
				CLANG_WARN_ENUM_CONVERSION = YES;
				CLANG_WARN_INFINITE_RECURSION = YES;
				CLANG_WARN_INT_CONVERSION = YES;
				CLANG_WARN_OBJC_ROOT_CLASS = YES_ERROR;
				CLANG_WARN_SUSPICIOUS_MOVE = YES;
				CLANG_WARN_UNREACHABLE_CODE = YES;
				CLANG_WARN__DUPLICATE_METHOD_MATCH = YES;
				"CODE_SIGN_IDENTITY[sdk=iphoneos*]" = "";
				COPY_PHASE_STRIP = NO;
				DEBUG_INFORMATION_FORMAT = "dwarf-with-dsym";
				ENABLE_NS_ASSERTIONS = NO;
				ENABLE_STRICT_OBJC_MSGSEND = YES;
				GCC_C_LANGUAGE_STANDARD = gnu99;
				GCC_NO_COMMON_BLOCKS = YES;
				GCC_WARN_64_TO_32_BIT_CONVERSION = YES;
				GCC_WARN_ABOUT_RETURN_TYPE = YES_ERROR;
				GCC_WARN_UNDECLARED_SELECTOR = YES;
				GCC_WARN_UNINITIALIZED_AUTOS = YES_AGGRESSIVE;
				GCC_WARN_UNUSED_FUNCTION = YES;
				GCC_WARN_UNUSED_VARIABLE = YES;
				IPHONEOS_DEPLOYMENT_TARGET = 9.0;
				MTL_ENABLE_DEBUG_INFO = NO;
				SDKROOT = iphoneos;
				SWIFT_OPTIMIZATION_LEVEL = "-Owholemodule";
				TARGETED_DEVICE_FAMILY = "1,2";
				VALIDATE_PRODUCT = YES;
			};
			name = Release;
		};
		52F7A70E1EB45BFA00CF9ADA /* Debug */ = {
			isa = XCBuildConfiguration;
			baseConfigurationReference = FF8E597FF65CC9F0790C1A66 /* Pods-remotex-iOS.debug.xcconfig */;
			buildSettings = {
				ALWAYS_EMBED_SWIFT_STANDARD_LIBRARIES = "$(inherited)";
				ASSETCATALOG_COMPILER_APPICON_NAME = AppIcon;
				"CODE_SIGN_IDENTITY[sdk=iphoneos*]" = "";
				DEVELOPMENT_TEAM = "";
				INFOPLIST_FILE = "remotex-iOS/Info.plist";
				IPHONEOS_DEPLOYMENT_TARGET = 9.0;
				LD_RUNPATH_SEARCH_PATHS = "$(inherited) @executable_path/Frameworks";
				PRODUCT_BUNDLE_IDENTIFIER = me.archimboldi.RemoteX;
				PRODUCT_NAME = "$(TARGET_NAME)";
				PROVISIONING_PROFILE = "";
				PROVISIONING_PROFILE_SPECIFIER = "";
				SWIFT_VERSION = 3.0;
			};
			name = Debug;
		};
		52F7A70F1EB45BFA00CF9ADA /* Release */ = {
			isa = XCBuildConfiguration;
			baseConfigurationReference = FD48D96C676C5B7252A34E10 /* Pods-remotex-iOS.release.xcconfig */;
			buildSettings = {
				ALWAYS_EMBED_SWIFT_STANDARD_LIBRARIES = "$(inherited)";
				ASSETCATALOG_COMPILER_APPICON_NAME = AppIcon;
				DEVELOPMENT_TEAM = "";
				INFOPLIST_FILE = "remotex-iOS/Info.plist";
				IPHONEOS_DEPLOYMENT_TARGET = 9.0;
				LD_RUNPATH_SEARCH_PATHS = "$(inherited) @executable_path/Frameworks";
				PRODUCT_BUNDLE_IDENTIFIER = me.archimboldi.RemoteX;
				PRODUCT_NAME = "$(TARGET_NAME)";
				PROVISIONING_PROFILE_SPECIFIER = "";
				SWIFT_VERSION = 3.0;
			};
			name = Release;
		};
		52F7A7111EB45BFA00CF9ADA /* Debug */ = {
			isa = XCBuildConfiguration;
			baseConfigurationReference = FC908F34B19D56F975723647 /* Pods-remotex-iOSTests.debug.xcconfig */;
			buildSettings = {
				ALWAYS_EMBED_SWIFT_STANDARD_LIBRARIES = "$(inherited)";
				BUNDLE_LOADER = "$(TEST_HOST)";
				DEVELOPMENT_TEAM = "";
				INFOPLIST_FILE = "remotex-iOSTests/Info.plist";
				LD_RUNPATH_SEARCH_PATHS = "$(inherited) @executable_path/Frameworks @loader_path/Frameworks";
				PRODUCT_BUNDLE_IDENTIFIER = "me.archimboldi.remotex-iOSTests";
				PRODUCT_NAME = "$(TARGET_NAME)";
				PROVISIONING_PROFILE_SPECIFIER = "";
				SWIFT_VERSION = 3.0;
				TEST_HOST = "$(BUILT_PRODUCTS_DIR)/remotex-iOS.app/remotex-iOS";
			};
			name = Debug;
		};
		52F7A7121EB45BFA00CF9ADA /* Release */ = {
			isa = XCBuildConfiguration;
			baseConfigurationReference = C25A0AFF8D6BC82068546692 /* Pods-remotex-iOSTests.release.xcconfig */;
			buildSettings = {
				ALWAYS_EMBED_SWIFT_STANDARD_LIBRARIES = "$(inherited)";
				BUNDLE_LOADER = "$(TEST_HOST)";
				DEVELOPMENT_TEAM = "";
				INFOPLIST_FILE = "remotex-iOSTests/Info.plist";
				LD_RUNPATH_SEARCH_PATHS = "$(inherited) @executable_path/Frameworks @loader_path/Frameworks";
				PRODUCT_BUNDLE_IDENTIFIER = "me.archimboldi.remotex-iOSTests";
				PRODUCT_NAME = "$(TARGET_NAME)";
				PROVISIONING_PROFILE_SPECIFIER = "";
				SWIFT_VERSION = 3.0;
				TEST_HOST = "$(BUILT_PRODUCTS_DIR)/remotex-iOS.app/remotex-iOS";
			};
			name = Release;
		};
/* End XCBuildConfiguration section */

/* Begin XCConfigurationList section */
		52F7A6DD1EB45BF900CF9ADA /* Build configuration list for PBXProject "remotex-iOS" */ = {
			isa = XCConfigurationList;
			buildConfigurations = (
				52F7A70B1EB45BFA00CF9ADA /* Debug */,
				52F7A70C1EB45BFA00CF9ADA /* Release */,
			);
			defaultConfigurationIsVisible = 0;
			defaultConfigurationName = Release;
		};
		52F7A70D1EB45BFA00CF9ADA /* Build configuration list for PBXNativeTarget "remotex-iOS" */ = {
			isa = XCConfigurationList;
			buildConfigurations = (
				52F7A70E1EB45BFA00CF9ADA /* Debug */,
				52F7A70F1EB45BFA00CF9ADA /* Release */,
			);
			defaultConfigurationIsVisible = 0;
			defaultConfigurationName = Release;
		};
		52F7A7101EB45BFA00CF9ADA /* Build configuration list for PBXNativeTarget "remotex-iOSTests" */ = {
			isa = XCConfigurationList;
			buildConfigurations = (
				52F7A7111EB45BFA00CF9ADA /* Debug */,
				52F7A7121EB45BFA00CF9ADA /* Release */,
			);
			defaultConfigurationIsVisible = 0;
			defaultConfigurationName = Release;
		};
/* End XCConfigurationList section */
	};
	rootObject = 52F7A6DA1EB45BF900CF9ADA /* Project object */;
}
